
Microsoft Visual Studio Solution File, Format Version 12.00
# Visual Studio 14
VisualStudioVersion = 14.0.25420.1
MinimumVisualStudioVersion = 10.0.40219.1
Project("{2150E333-8FDC-42A3-9474-1A3956D46DE8}") = "src", "src", "{F7D7D1F2-7337-4EED-B5DC-1248564E32C9}"
EndProject
Project("{2150E333-8FDC-42A3-9474-1A3956D46DE8}") = "Solution Items", "Solution Items", "{58089806-3A51-4ADC-9CEC-D40F74D9C860}"
	ProjectSection(SolutionItems) = preProject
		global.json = global.json
	EndProjectSection
EndProject
Project("{8BB2217D-0F2D-49D1-97BC-3654ED321F3B}") = "EntertainmentDatabase.REST.API", "src\EntertainmentDatabase.REST.API\EntertainmentDatabase.REST.API.xproj", "{CF891880-643A-4B2E-9891-1B194F58E0C8}"
EndProject
Project("{8BB2217D-0F2D-49D1-97BC-3654ED321F3B}") = "EntertainmentDatabase.REST.ServiceBase", "src\EntertainmentDatabase.REST.ServiceBase\EntertainmentDatabase.REST.ServiceBase.xproj", "{949E417F-F6C7-41CB-A6B2-E35BB7587EF3}"
EndProject
Project("{2150E333-8FDC-42A3-9474-1A3956D46DE8}") = "test", "test", "{8BDD7B81-EAB1-4BA8-8A54-5B3AB0D5B943}"
	ProjectSection(SolutionItems) = preProject
		.gitkeep = .gitkeep
	EndProjectSection
EndProject
Project("{8BB2217D-0F2D-49D1-97BC-3654ED321F3B}") = "EntertainmentDatabase.REST.ServiceBase.Generics", "src\EntertainmentDatabase.REST.ServiceBase.Generics\EntertainmentDatabase.REST.ServiceBase.Generics.xproj", "{921C740C-ED4A-4F92-9C9A-4CBE55929592}"
EndProject
Project("{8BB2217D-0F2D-49D1-97BC-3654ED321F3B}") = "EntertainmentDatabase.REST.ServiceBase.DataStructure", "src\EntertainmentDatabase.REST.ServiceBase.DataStructure\EntertainmentDatabase.REST.ServiceBase.DataStructure.xproj", "{58FE2294-78BE-49AD-A892-9514FD590F56}"
EndProject
Global
	GlobalSection(SolutionConfigurationPlatforms) = preSolution
		Debug|Any CPU = Debug|Any CPU
		Release|Any CPU = Release|Any CPU
	EndGlobalSection
	GlobalSection(ProjectConfigurationPlatforms) = postSolution
		{CF891880-643A-4B2E-9891-1B194F58E0C8}.Debug|Any CPU.ActiveCfg = Debug|Any CPU
		{CF891880-643A-4B2E-9891-1B194F58E0C8}.Debug|Any CPU.Build.0 = Debug|Any CPU
		{CF891880-643A-4B2E-9891-1B194F58E0C8}.Release|Any CPU.ActiveCfg = Release|Any CPU
		{CF891880-643A-4B2E-9891-1B194F58E0C8}.Release|Any CPU.Build.0 = Release|Any CPU
		{949E417F-F6C7-41CB-A6B2-E35BB7587EF3}.Debug|Any CPU.ActiveCfg = Debug|Any CPU
		{949E417F-F6C7-41CB-A6B2-E35BB7587EF3}.Debug|Any CPU.Build.0 = Debug|Any CPU
		{949E417F-F6C7-41CB-A6B2-E35BB7587EF3}.Release|Any CPU.ActiveCfg = Release|Any CPU
		{949E417F-F6C7-41CB-A6B2-E35BB7587EF3}.Release|Any CPU.Build.0 = Release|Any CPU
		{921C740C-ED4A-4F92-9C9A-4CBE55929592}.Debug|Any CPU.ActiveCfg = Debug|Any CPU
		{921C740C-ED4A-4F92-9C9A-4CBE55929592}.Debug|Any CPU.Build.0 = Debug|Any CPU
		{921C740C-ED4A-4F92-9C9A-4CBE55929592}.Release|Any CPU.ActiveCfg = Release|Any CPU
		{921C740C-ED4A-4F92-9C9A-4CBE55929592}.Release|Any CPU.Build.0 = Release|Any CPU
		{58FE2294-78BE-49AD-A892-9514FD590F56}.Debug|Any CPU.ActiveCfg = Debug|Any CPU
		{58FE2294-78BE-49AD-A892-9514FD590F56}.Debug|Any CPU.Build.0 = Debug|Any CPU
		{58FE2294-78BE-49AD-A892-9514FD590F56}.Release|Any CPU.ActiveCfg = Release|Any CPU
		{58FE2294-78BE-49AD-A892-9514FD590F56}.Release|Any CPU.Build.0 = Release|Any CPU
	EndGlobalSection
	GlobalSection(SolutionProperties) = preSolution
		HideSolutionNode = FALSE
	EndGlobalSection
	GlobalSection(NestedProjects) = preSolution
		{CF891880-643A-4B2E-9891-1B194F58E0C8} = {F7D7D1F2-7337-4EED-B5DC-1248564E32C9}
		{949E417F-F6C7-41CB-A6B2-E35BB7587EF3} = {F7D7D1F2-7337-4EED-B5DC-1248564E32C9}
		{921C740C-ED4A-4F92-9C9A-4CBE55929592} = {F7D7D1F2-7337-4EED-B5DC-1248564E32C9}
		{58FE2294-78BE-49AD-A892-9514FD590F56} = {F7D7D1F2-7337-4EED-B5DC-1248564E32C9}
	EndGlobalSection
EndGlobal
