
Microsoft Visual Studio Solution File, Format Version 12.00
# Visual Studio Version 16
VisualStudioVersion = 16.0.28803.352
MinimumVisualStudioVersion = 10.0.40219.1
Project("{2150E333-8FDC-42A3-9474-1A3956D46DE8}") = "src", "src", "{83A52767-022B-4B6A-BE3E-D6D6CFF89B79}"
EndProject
Project("{2150E333-8FDC-42A3-9474-1A3956D46DE8}") = "test", "test", "{6D5EBCBA-FB78-425F-8D55-D13C11C9DCB7}"
EndProject
Project("{9A19103F-16F7-4668-BE54-9A1E7A4F7556}") = "Etdb.UserService.Bootstrap", "src\Etdb.UserService.Bootstrap\Etdb.UserService.Bootstrap.csproj", "{C2E4915D-F311-493B-98FA-0337F2198F78}"
EndProject
Project("{2150E333-8FDC-42A3-9474-1A3956D46DE8}") = "misc", "misc", "{EEC64864-F550-44BE-9D0D-CCCA983F39B7}"
	ProjectSection(SolutionItems) = preProject
		.gitignore = .gitignore
		.travis.yml = .travis.yml
		.travis.yml.bak = .travis.yml.bak
		dev_environment.md = dev_environment.md
		src\Directory.Build.props = src\Directory.Build.props
		licence.md = licence.md
		publish-folder.sh = publish-folder.sh
		readme.md = readme.md
		run-tests.sh = run-tests.sh
		scaffold-database.sh = scaffold-database.sh
		setup-mongodb-user.sh = setup-mongodb-user.sh
		create-client.sh = create-client.sh
		etdb.userservice.aspnetcore.service = etdb.userservice.aspnetcore.service
	EndProjectSection
EndProject
Project("{9A19103F-16F7-4668-BE54-9A1E7A4F7556}") = "Etdb.UserService.AutoMapper", "src\Etdb.UserService.AutoMapper\Etdb.UserService.AutoMapper.csproj", "{404C19B7-D968-49A4-B89F-201407BE2892}"
EndProject
Project("{9A19103F-16F7-4668-BE54-9A1E7A4F7556}") = "Etdb.UserService.Presentation", "src\Etdb.UserService.Presentation\Etdb.UserService.Presentation.csproj", "{3680B28D-A9D3-4249-99B0-55CAFFCE8447}"
EndProject
Project("{9A19103F-16F7-4668-BE54-9A1E7A4F7556}") = "Etdb.UserService.Domain", "src\Etdb.UserService.Domain\Etdb.UserService.Domain.csproj", "{BB67A8BA-5FAC-43A1-9D9A-8B05E1CDB8B5}"
EndProject
Project("{9A19103F-16F7-4668-BE54-9A1E7A4F7556}") = "Etdb.UserService.Repositories.Abstractions", "src\Etdb.UserService.Repositories.Abstractions\Etdb.UserService.Repositories.Abstractions.csproj", "{43166634-0186-478B-9E81-96B6E175D502}"
EndProject
Project("{9A19103F-16F7-4668-BE54-9A1E7A4F7556}") = "Etdb.UserService.Repositories", "src\Etdb.UserService.Repositories\Etdb.UserService.Repositories.csproj", "{ABDE8D8F-6C29-49B2-A1D8-A56478E93D3F}"
EndProject
Project("{9A19103F-16F7-4668-BE54-9A1E7A4F7556}") = "Etdb.UserService.Controllers", "src\Etdb.UserService.Controllers\Etdb.UserService.Controllers.csproj", "{D99A563B-B144-46AF-A660-46A84EA7F2BD}"
EndProject
Project("{9A19103F-16F7-4668-BE54-9A1E7A4F7556}") = "Etdb.UserService.Cqrs.Abstractions", "src\Etdb.UserService.Cqrs.Abstractions\Etdb.UserService.Cqrs.Abstractions.csproj", "{7334848E-C555-430E-9A53-F749D594D86B}"
EndProject
Project("{9A19103F-16F7-4668-BE54-9A1E7A4F7556}") = "Etdb.UserService.Cqrs", "src\Etdb.UserService.Cqrs\Etdb.UserService.Cqrs.csproj", "{EB3B5AEB-3D8B-4E15-BEC4-99DC46954959}"
EndProject
Project("{9A19103F-16F7-4668-BE54-9A1E7A4F7556}") = "Etdb.UserService.Services.Abstractions", "src\Etdb.UserService.Services.Abstractions\Etdb.UserService.Services.Abstractions.csproj", "{79044B7C-AF8F-4393-8C3B-1CB92E024CD0}"
EndProject
Project("{9A19103F-16F7-4668-BE54-9A1E7A4F7556}") = "Etdb.UserService.Services", "src\Etdb.UserService.Services\Etdb.UserService.Services.csproj", "{D12DD739-089A-4D8A-9C08-AFB0F7AA560F}"
EndProject
Project("{9A19103F-16F7-4668-BE54-9A1E7A4F7556}") = "Etdb.UserService.Scaffold", "src\Etdb.UserService.Scaffold\Etdb.UserService.Scaffold.csproj", "{D59A81CF-25EB-473A-9CF5-4A6A8C2EFC1D}"
EndProject
Project("{9A19103F-16F7-4668-BE54-9A1E7A4F7556}") = "Etdb.UserService.Authentication.Abstractions", "src\Etdb.UserService.Authentication.Abstractions\Etdb.UserService.Authentication.Abstractions.csproj", "{2CF308C3-F0BB-4CF7-9650-C43AEA1299EC}"
EndProject
Project("{9A19103F-16F7-4668-BE54-9A1E7A4F7556}") = "Etdb.UserService.Authentication", "src\Etdb.UserService.Authentication\Etdb.UserService.Authentication.csproj", "{B045A1B4-2763-43AD-9D89-558ADB377E7D}"
EndProject
Project("{9A19103F-16F7-4668-BE54-9A1E7A4F7556}") = "Etdb.UserService.Filter", "src\Etdb.UserService.Filter\Etdb.UserService.Filter.csproj", "{F33A4B1B-6DB4-4CE5-80E2-B2D21A562D75}"
EndProject
Project("{9A19103F-16F7-4668-BE54-9A1E7A4F7556}") = "Etdb.UserService.Misc", "src\Etdb.UserService.Misc\Etdb.UserService.Misc.csproj", "{ECE4D68D-FBE1-410C-AC7A-58468F99D6A2}"
EndProject
Project("{9A19103F-16F7-4668-BE54-9A1E7A4F7556}") = "Etdb.UserService.Extensions", "src\Etdb.UserService.Extensions\Etdb.UserService.Extensions.csproj", "{68162009-82DF-4296-860E-50C531238D89}"
EndProject
Project("{9A19103F-16F7-4668-BE54-9A1E7A4F7556}") = "Etdb.UserService.Controllers.Tests", "test\Etdb.UserService.Controllers.Tests\Etdb.UserService.Controllers.Tests.csproj", "{6C7189E2-BADF-43D5-9451-CC91069A694F}"
EndProject
Project("{9A19103F-16F7-4668-BE54-9A1E7A4F7556}") = "Etdb.UserService.AspNetCore.Extensions", "src\Etdb.UserService.AspNetCore.Extensions\Etdb.UserService.AspNetCore.Extensions.csproj", "{1488DD0F-FD96-486B-A975-B428EC2DC73C}"
EndProject
Project("{9A19103F-16F7-4668-BE54-9A1E7A4F7556}") = "Etdb.UserService.Policies.AspNetCore", "src\Etdb.UserService.Policies.AspNetCore\Etdb.UserService.Policies.AspNetCore.csproj", "{069A3DD6-AEC3-4841-A320-76F461404853}"
EndProject
Project("{9A19103F-16F7-4668-BE54-9A1E7A4F7556}") = "Etdb.UserService.Worker", "src\Etdb.UserService.Worker\Etdb.UserService.Worker.csproj", "{146B1A8F-1FF5-44EB-B760-6FF3D980C9C2}"
EndProject
Project("{FAE04EC0-301F-11D3-BF4B-00C04F79EFBC}") = "Etdb.UserService.AutoMapper.Tests", "test\Etdb.UserService.AutoMapper.Tests\Etdb.UserService.AutoMapper.Tests.csproj", "{01D403E6-CB2E-4F18-A3DC-56BB562F594C}"
EndProject
Global
	GlobalSection(SolutionConfigurationPlatforms) = preSolution
		Debug|Any CPU = Debug|Any CPU
		Release|Any CPU = Release|Any CPU
	EndGlobalSection
	GlobalSection(ProjectConfigurationPlatforms) = postSolution
		{C2E4915D-F311-493B-98FA-0337F2198F78}.Debug|Any CPU.ActiveCfg = Debug|Any CPU
		{C2E4915D-F311-493B-98FA-0337F2198F78}.Debug|Any CPU.Build.0 = Debug|Any CPU
		{C2E4915D-F311-493B-98FA-0337F2198F78}.Release|Any CPU.ActiveCfg = Release|Any CPU
		{C2E4915D-F311-493B-98FA-0337F2198F78}.Release|Any CPU.Build.0 = Release|Any CPU
		{404C19B7-D968-49A4-B89F-201407BE2892}.Debug|Any CPU.ActiveCfg = Debug|Any CPU
		{404C19B7-D968-49A4-B89F-201407BE2892}.Debug|Any CPU.Build.0 = Debug|Any CPU
		{404C19B7-D968-49A4-B89F-201407BE2892}.Release|Any CPU.ActiveCfg = Release|Any CPU
		{404C19B7-D968-49A4-B89F-201407BE2892}.Release|Any CPU.Build.0 = Release|Any CPU
		{3680B28D-A9D3-4249-99B0-55CAFFCE8447}.Debug|Any CPU.ActiveCfg = Debug|Any CPU
		{3680B28D-A9D3-4249-99B0-55CAFFCE8447}.Debug|Any CPU.Build.0 = Debug|Any CPU
		{3680B28D-A9D3-4249-99B0-55CAFFCE8447}.Release|Any CPU.ActiveCfg = Release|Any CPU
		{3680B28D-A9D3-4249-99B0-55CAFFCE8447}.Release|Any CPU.Build.0 = Release|Any CPU
		{BB67A8BA-5FAC-43A1-9D9A-8B05E1CDB8B5}.Debug|Any CPU.ActiveCfg = Debug|Any CPU
		{BB67A8BA-5FAC-43A1-9D9A-8B05E1CDB8B5}.Debug|Any CPU.Build.0 = Debug|Any CPU
		{BB67A8BA-5FAC-43A1-9D9A-8B05E1CDB8B5}.Release|Any CPU.ActiveCfg = Release|Any CPU
		{BB67A8BA-5FAC-43A1-9D9A-8B05E1CDB8B5}.Release|Any CPU.Build.0 = Release|Any CPU
		{43166634-0186-478B-9E81-96B6E175D502}.Debug|Any CPU.ActiveCfg = Debug|Any CPU
		{43166634-0186-478B-9E81-96B6E175D502}.Debug|Any CPU.Build.0 = Debug|Any CPU
		{43166634-0186-478B-9E81-96B6E175D502}.Release|Any CPU.ActiveCfg = Release|Any CPU
		{43166634-0186-478B-9E81-96B6E175D502}.Release|Any CPU.Build.0 = Release|Any CPU
		{ABDE8D8F-6C29-49B2-A1D8-A56478E93D3F}.Debug|Any CPU.ActiveCfg = Debug|Any CPU
		{ABDE8D8F-6C29-49B2-A1D8-A56478E93D3F}.Debug|Any CPU.Build.0 = Debug|Any CPU
		{ABDE8D8F-6C29-49B2-A1D8-A56478E93D3F}.Release|Any CPU.ActiveCfg = Release|Any CPU
		{ABDE8D8F-6C29-49B2-A1D8-A56478E93D3F}.Release|Any CPU.Build.0 = Release|Any CPU
		{D99A563B-B144-46AF-A660-46A84EA7F2BD}.Debug|Any CPU.ActiveCfg = Debug|Any CPU
		{D99A563B-B144-46AF-A660-46A84EA7F2BD}.Debug|Any CPU.Build.0 = Debug|Any CPU
		{D99A563B-B144-46AF-A660-46A84EA7F2BD}.Release|Any CPU.ActiveCfg = Release|Any CPU
		{D99A563B-B144-46AF-A660-46A84EA7F2BD}.Release|Any CPU.Build.0 = Release|Any CPU
		{7334848E-C555-430E-9A53-F749D594D86B}.Debug|Any CPU.ActiveCfg = Debug|Any CPU
		{7334848E-C555-430E-9A53-F749D594D86B}.Debug|Any CPU.Build.0 = Debug|Any CPU
		{7334848E-C555-430E-9A53-F749D594D86B}.Release|Any CPU.ActiveCfg = Release|Any CPU
		{7334848E-C555-430E-9A53-F749D594D86B}.Release|Any CPU.Build.0 = Release|Any CPU
		{EB3B5AEB-3D8B-4E15-BEC4-99DC46954959}.Debug|Any CPU.ActiveCfg = Debug|Any CPU
		{EB3B5AEB-3D8B-4E15-BEC4-99DC46954959}.Debug|Any CPU.Build.0 = Debug|Any CPU
		{EB3B5AEB-3D8B-4E15-BEC4-99DC46954959}.Release|Any CPU.ActiveCfg = Release|Any CPU
		{EB3B5AEB-3D8B-4E15-BEC4-99DC46954959}.Release|Any CPU.Build.0 = Release|Any CPU
		{79044B7C-AF8F-4393-8C3B-1CB92E024CD0}.Debug|Any CPU.ActiveCfg = Debug|Any CPU
		{79044B7C-AF8F-4393-8C3B-1CB92E024CD0}.Debug|Any CPU.Build.0 = Debug|Any CPU
		{79044B7C-AF8F-4393-8C3B-1CB92E024CD0}.Release|Any CPU.ActiveCfg = Release|Any CPU
		{79044B7C-AF8F-4393-8C3B-1CB92E024CD0}.Release|Any CPU.Build.0 = Release|Any CPU
		{D12DD739-089A-4D8A-9C08-AFB0F7AA560F}.Debug|Any CPU.ActiveCfg = Debug|Any CPU
		{D12DD739-089A-4D8A-9C08-AFB0F7AA560F}.Debug|Any CPU.Build.0 = Debug|Any CPU
		{D12DD739-089A-4D8A-9C08-AFB0F7AA560F}.Release|Any CPU.ActiveCfg = Release|Any CPU
		{D12DD739-089A-4D8A-9C08-AFB0F7AA560F}.Release|Any CPU.Build.0 = Release|Any CPU
		{D59A81CF-25EB-473A-9CF5-4A6A8C2EFC1D}.Debug|Any CPU.ActiveCfg = Debug|Any CPU
		{D59A81CF-25EB-473A-9CF5-4A6A8C2EFC1D}.Debug|Any CPU.Build.0 = Debug|Any CPU
		{D59A81CF-25EB-473A-9CF5-4A6A8C2EFC1D}.Release|Any CPU.ActiveCfg = Release|Any CPU
		{D59A81CF-25EB-473A-9CF5-4A6A8C2EFC1D}.Release|Any CPU.Build.0 = Release|Any CPU
		{2CF308C3-F0BB-4CF7-9650-C43AEA1299EC}.Debug|Any CPU.ActiveCfg = Debug|Any CPU
		{2CF308C3-F0BB-4CF7-9650-C43AEA1299EC}.Debug|Any CPU.Build.0 = Debug|Any CPU
		{2CF308C3-F0BB-4CF7-9650-C43AEA1299EC}.Release|Any CPU.ActiveCfg = Release|Any CPU
		{2CF308C3-F0BB-4CF7-9650-C43AEA1299EC}.Release|Any CPU.Build.0 = Release|Any CPU
		{B045A1B4-2763-43AD-9D89-558ADB377E7D}.Debug|Any CPU.ActiveCfg = Debug|Any CPU
		{B045A1B4-2763-43AD-9D89-558ADB377E7D}.Debug|Any CPU.Build.0 = Debug|Any CPU
		{B045A1B4-2763-43AD-9D89-558ADB377E7D}.Release|Any CPU.ActiveCfg = Release|Any CPU
		{B045A1B4-2763-43AD-9D89-558ADB377E7D}.Release|Any CPU.Build.0 = Release|Any CPU
		{F33A4B1B-6DB4-4CE5-80E2-B2D21A562D75}.Debug|Any CPU.ActiveCfg = Debug|Any CPU
		{F33A4B1B-6DB4-4CE5-80E2-B2D21A562D75}.Debug|Any CPU.Build.0 = Debug|Any CPU
		{F33A4B1B-6DB4-4CE5-80E2-B2D21A562D75}.Release|Any CPU.ActiveCfg = Release|Any CPU
		{F33A4B1B-6DB4-4CE5-80E2-B2D21A562D75}.Release|Any CPU.Build.0 = Release|Any CPU
		{ECE4D68D-FBE1-410C-AC7A-58468F99D6A2}.Debug|Any CPU.ActiveCfg = Debug|Any CPU
		{ECE4D68D-FBE1-410C-AC7A-58468F99D6A2}.Debug|Any CPU.Build.0 = Debug|Any CPU
		{ECE4D68D-FBE1-410C-AC7A-58468F99D6A2}.Release|Any CPU.ActiveCfg = Release|Any CPU
		{ECE4D68D-FBE1-410C-AC7A-58468F99D6A2}.Release|Any CPU.Build.0 = Release|Any CPU
		{68162009-82DF-4296-860E-50C531238D89}.Debug|Any CPU.ActiveCfg = Debug|Any CPU
		{68162009-82DF-4296-860E-50C531238D89}.Debug|Any CPU.Build.0 = Debug|Any CPU
		{68162009-82DF-4296-860E-50C531238D89}.Release|Any CPU.ActiveCfg = Release|Any CPU
		{68162009-82DF-4296-860E-50C531238D89}.Release|Any CPU.Build.0 = Release|Any CPU
		{6C7189E2-BADF-43D5-9451-CC91069A694F}.Debug|Any CPU.ActiveCfg = Debug|Any CPU
		{6C7189E2-BADF-43D5-9451-CC91069A694F}.Debug|Any CPU.Build.0 = Debug|Any CPU
		{6C7189E2-BADF-43D5-9451-CC91069A694F}.Release|Any CPU.ActiveCfg = Release|Any CPU
		{6C7189E2-BADF-43D5-9451-CC91069A694F}.Release|Any CPU.Build.0 = Release|Any CPU
		{1488DD0F-FD96-486B-A975-B428EC2DC73C}.Debug|Any CPU.ActiveCfg = Debug|Any CPU
		{1488DD0F-FD96-486B-A975-B428EC2DC73C}.Debug|Any CPU.Build.0 = Debug|Any CPU
		{1488DD0F-FD96-486B-A975-B428EC2DC73C}.Release|Any CPU.ActiveCfg = Release|Any CPU
		{1488DD0F-FD96-486B-A975-B428EC2DC73C}.Release|Any CPU.Build.0 = Release|Any CPU
		{069A3DD6-AEC3-4841-A320-76F461404853}.Debug|Any CPU.ActiveCfg = Debug|Any CPU
		{069A3DD6-AEC3-4841-A320-76F461404853}.Debug|Any CPU.Build.0 = Debug|Any CPU
		{069A3DD6-AEC3-4841-A320-76F461404853}.Release|Any CPU.ActiveCfg = Release|Any CPU
		{069A3DD6-AEC3-4841-A320-76F461404853}.Release|Any CPU.Build.0 = Release|Any CPU
		{146B1A8F-1FF5-44EB-B760-6FF3D980C9C2}.Debug|Any CPU.ActiveCfg = Debug|Any CPU
		{146B1A8F-1FF5-44EB-B760-6FF3D980C9C2}.Debug|Any CPU.Build.0 = Debug|Any CPU
		{146B1A8F-1FF5-44EB-B760-6FF3D980C9C2}.Release|Any CPU.ActiveCfg = Release|Any CPU
		{146B1A8F-1FF5-44EB-B760-6FF3D980C9C2}.Release|Any CPU.Build.0 = Release|Any CPU
		{01D403E6-CB2E-4F18-A3DC-56BB562F594C}.Debug|Any CPU.ActiveCfg = Debug|Any CPU
		{01D403E6-CB2E-4F18-A3DC-56BB562F594C}.Debug|Any CPU.Build.0 = Debug|Any CPU
		{01D403E6-CB2E-4F18-A3DC-56BB562F594C}.Release|Any CPU.ActiveCfg = Release|Any CPU
		{01D403E6-CB2E-4F18-A3DC-56BB562F594C}.Release|Any CPU.Build.0 = Release|Any CPU
	EndGlobalSection
	GlobalSection(SolutionProperties) = preSolution
		HideSolutionNode = FALSE
	EndGlobalSection
	GlobalSection(NestedProjects) = preSolution
		{C2E4915D-F311-493B-98FA-0337F2198F78} = {83A52767-022B-4B6A-BE3E-D6D6CFF89B79}
		{404C19B7-D968-49A4-B89F-201407BE2892} = {83A52767-022B-4B6A-BE3E-D6D6CFF89B79}
		{3680B28D-A9D3-4249-99B0-55CAFFCE8447} = {83A52767-022B-4B6A-BE3E-D6D6CFF89B79}
		{BB67A8BA-5FAC-43A1-9D9A-8B05E1CDB8B5} = {83A52767-022B-4B6A-BE3E-D6D6CFF89B79}
		{43166634-0186-478B-9E81-96B6E175D502} = {83A52767-022B-4B6A-BE3E-D6D6CFF89B79}
		{ABDE8D8F-6C29-49B2-A1D8-A56478E93D3F} = {83A52767-022B-4B6A-BE3E-D6D6CFF89B79}
		{D99A563B-B144-46AF-A660-46A84EA7F2BD} = {83A52767-022B-4B6A-BE3E-D6D6CFF89B79}
		{7334848E-C555-430E-9A53-F749D594D86B} = {83A52767-022B-4B6A-BE3E-D6D6CFF89B79}
		{EB3B5AEB-3D8B-4E15-BEC4-99DC46954959} = {83A52767-022B-4B6A-BE3E-D6D6CFF89B79}
		{79044B7C-AF8F-4393-8C3B-1CB92E024CD0} = {83A52767-022B-4B6A-BE3E-D6D6CFF89B79}
		{D12DD739-089A-4D8A-9C08-AFB0F7AA560F} = {83A52767-022B-4B6A-BE3E-D6D6CFF89B79}
		{D59A81CF-25EB-473A-9CF5-4A6A8C2EFC1D} = {83A52767-022B-4B6A-BE3E-D6D6CFF89B79}
		{2CF308C3-F0BB-4CF7-9650-C43AEA1299EC} = {83A52767-022B-4B6A-BE3E-D6D6CFF89B79}
		{B045A1B4-2763-43AD-9D89-558ADB377E7D} = {83A52767-022B-4B6A-BE3E-D6D6CFF89B79}
		{F33A4B1B-6DB4-4CE5-80E2-B2D21A562D75} = {83A52767-022B-4B6A-BE3E-D6D6CFF89B79}
		{ECE4D68D-FBE1-410C-AC7A-58468F99D6A2} = {83A52767-022B-4B6A-BE3E-D6D6CFF89B79}
		{68162009-82DF-4296-860E-50C531238D89} = {83A52767-022B-4B6A-BE3E-D6D6CFF89B79}
		{6C7189E2-BADF-43D5-9451-CC91069A694F} = {6D5EBCBA-FB78-425F-8D55-D13C11C9DCB7}
		{1488DD0F-FD96-486B-A975-B428EC2DC73C} = {83A52767-022B-4B6A-BE3E-D6D6CFF89B79}
		{069A3DD6-AEC3-4841-A320-76F461404853} = {83A52767-022B-4B6A-BE3E-D6D6CFF89B79}
		{146B1A8F-1FF5-44EB-B760-6FF3D980C9C2} = {83A52767-022B-4B6A-BE3E-D6D6CFF89B79}
		{01D403E6-CB2E-4F18-A3DC-56BB562F594C} = {6D5EBCBA-FB78-425F-8D55-D13C11C9DCB7}
	EndGlobalSection
	GlobalSection(ExtensibilityGlobals) = postSolution
		SolutionGuid = {39A620F8-72B1-4D11-8393-8263B92F8704}
	EndGlobalSection
EndGlobal
