
Microsoft Visual Studio Solution File, Format Version 12.00
# Visual Studio 15
VisualStudioVersion = 15.0.27004.2008
MinimumVisualStudioVersion = 10.0.40219.1
Project("{2150E333-8FDC-42A3-9474-1A3956D46DE8}") = "src", "src", "{83A52767-022B-4B6A-BE3E-D6D6CFF89B79}"
EndProject
Project("{2150E333-8FDC-42A3-9474-1A3956D46DE8}") = "test", "test", "{6D5EBCBA-FB78-425F-8D55-D13C11C9DCB7}"
EndProject
Project("{9A19103F-16F7-4668-BE54-9A1E7A4F7556}") = "EntertainmentDatabase.REST.API.WebService.Bootstrap", "src\EntertainmentDatabase.REST.API.WebService.Bootstrap\EntertainmentDatabase.REST.API.WebService.Bootstrap.csproj", "{5B5E3AC3-5383-4CCB-B03E-772A0C09E8EB}"
EndProject
Project("{9A19103F-16F7-4668-BE54-9A1E7A4F7556}") = "EntertainmentDatabase.REST.API.WebService.Admin", "src\EntertainmentDatabase.REST.API.Webservice.Admin\EntertainmentDatabase.REST.API.WebService.Admin.csproj", "{3AC6D6FC-D735-4343-B06A-F036B23163FF}"
EndProject
Project("{9A19103F-16F7-4668-BE54-9A1E7A4F7556}") = "EntertainmentDatabase.REST.API.WebService.Main", "src\EntertainmentDatabase.REST.API.WebService.Main\EntertainmentDatabase.REST.API.WebService.Main.csproj", "{A58B1BFF-7573-4628-9634-E55FA41F61A4}"
EndProject
Project("{9A19103F-16F7-4668-BE54-9A1E7A4F7556}") = "EntertainmentDatabase.REST.API.WebService.Domain", "src\EntertainmentDatabase.REST.API.WebService.Domain\EntertainmentDatabase.REST.API.WebService.Domain.csproj", "{49CDA7FD-CF08-436F-A806-E4D0C7F41C2B}"
EndProject
Project("{9A19103F-16F7-4668-BE54-9A1E7A4F7556}") = "EntertainmentDatabase.REST.API.WebService.Presentation", "src\EntertainmentDatabase.REST.API.WebService.Presentation\EntertainmentDatabase.REST.API.WebService.Presentation.csproj", "{58D17EFA-A852-4142-BBB4-97E6EC93E25B}"
EndProject
Project("{9A19103F-16F7-4668-BE54-9A1E7A4F7556}") = "EntertainmentDatabase.REST.API.WebService.Misc", "src\EntertainmentDatabase.REST.API.WebService.Misc\EntertainmentDatabase.REST.API.WebService.Misc.csproj", "{C2BE6318-D2F8-42ED-89FF-6D81D733785B}"
EndProject
Project("{9A19103F-16F7-4668-BE54-9A1E7A4F7556}") = "EntertainmentDatabase.REST.API.WebService.Data", "src\EntertainmentDatabase.REST.API.WebService.Data\EntertainmentDatabase.REST.API.WebService.Data.csproj", "{47E8FE46-2026-4202-8E18-D3F23105CAC2}"
EndProject
Project("{9A19103F-16F7-4668-BE54-9A1E7A4F7556}") = "EntertainmentDatabase.REST.API.ServiceBase", "src\EntertainmentDatabase.REST.API.ServiceBase\EntertainmentDatabase.REST.API.ServiceBase.csproj", "{8E4F4D80-4A5A-4585-8F5F-BFEC0A0AD562}"
EndProject
Project("{9A19103F-16F7-4668-BE54-9A1E7A4F7556}") = "EntertainmentDatabase.REST.API.ServiceBase.Generics", "src\EntertainmentDatabase.REST.API.ServiceBase.Generics\EntertainmentDatabase.REST.API.ServiceBase.Generics.csproj", "{3509F385-96A9-46A1-8235-AD6DD68F0A10}"
EndProject
Global
	GlobalSection(SolutionConfigurationPlatforms) = preSolution
		Debug|Any CPU = Debug|Any CPU
		Release|Any CPU = Release|Any CPU
	EndGlobalSection
	GlobalSection(ProjectConfigurationPlatforms) = postSolution
		{5B5E3AC3-5383-4CCB-B03E-772A0C09E8EB}.Debug|Any CPU.ActiveCfg = Debug|Any CPU
		{5B5E3AC3-5383-4CCB-B03E-772A0C09E8EB}.Debug|Any CPU.Build.0 = Debug|Any CPU
		{5B5E3AC3-5383-4CCB-B03E-772A0C09E8EB}.Release|Any CPU.ActiveCfg = Release|Any CPU
		{5B5E3AC3-5383-4CCB-B03E-772A0C09E8EB}.Release|Any CPU.Build.0 = Release|Any CPU
		{3AC6D6FC-D735-4343-B06A-F036B23163FF}.Debug|Any CPU.ActiveCfg = Debug|Any CPU
		{3AC6D6FC-D735-4343-B06A-F036B23163FF}.Debug|Any CPU.Build.0 = Debug|Any CPU
		{3AC6D6FC-D735-4343-B06A-F036B23163FF}.Release|Any CPU.ActiveCfg = Release|Any CPU
		{3AC6D6FC-D735-4343-B06A-F036B23163FF}.Release|Any CPU.Build.0 = Release|Any CPU
		{A58B1BFF-7573-4628-9634-E55FA41F61A4}.Debug|Any CPU.ActiveCfg = Debug|Any CPU
		{A58B1BFF-7573-4628-9634-E55FA41F61A4}.Debug|Any CPU.Build.0 = Debug|Any CPU
		{A58B1BFF-7573-4628-9634-E55FA41F61A4}.Release|Any CPU.ActiveCfg = Release|Any CPU
		{A58B1BFF-7573-4628-9634-E55FA41F61A4}.Release|Any CPU.Build.0 = Release|Any CPU
		{49CDA7FD-CF08-436F-A806-E4D0C7F41C2B}.Debug|Any CPU.ActiveCfg = Debug|Any CPU
		{49CDA7FD-CF08-436F-A806-E4D0C7F41C2B}.Debug|Any CPU.Build.0 = Debug|Any CPU
		{49CDA7FD-CF08-436F-A806-E4D0C7F41C2B}.Release|Any CPU.ActiveCfg = Release|Any CPU
		{49CDA7FD-CF08-436F-A806-E4D0C7F41C2B}.Release|Any CPU.Build.0 = Release|Any CPU
		{58D17EFA-A852-4142-BBB4-97E6EC93E25B}.Debug|Any CPU.ActiveCfg = Debug|Any CPU
		{58D17EFA-A852-4142-BBB4-97E6EC93E25B}.Debug|Any CPU.Build.0 = Debug|Any CPU
		{58D17EFA-A852-4142-BBB4-97E6EC93E25B}.Release|Any CPU.ActiveCfg = Release|Any CPU
		{58D17EFA-A852-4142-BBB4-97E6EC93E25B}.Release|Any CPU.Build.0 = Release|Any CPU
		{C2BE6318-D2F8-42ED-89FF-6D81D733785B}.Debug|Any CPU.ActiveCfg = Debug|Any CPU
		{C2BE6318-D2F8-42ED-89FF-6D81D733785B}.Debug|Any CPU.Build.0 = Debug|Any CPU
		{C2BE6318-D2F8-42ED-89FF-6D81D733785B}.Release|Any CPU.ActiveCfg = Release|Any CPU
		{C2BE6318-D2F8-42ED-89FF-6D81D733785B}.Release|Any CPU.Build.0 = Release|Any CPU
		{47E8FE46-2026-4202-8E18-D3F23105CAC2}.Debug|Any CPU.ActiveCfg = Debug|Any CPU
		{47E8FE46-2026-4202-8E18-D3F23105CAC2}.Debug|Any CPU.Build.0 = Debug|Any CPU
		{47E8FE46-2026-4202-8E18-D3F23105CAC2}.Release|Any CPU.ActiveCfg = Release|Any CPU
		{47E8FE46-2026-4202-8E18-D3F23105CAC2}.Release|Any CPU.Build.0 = Release|Any CPU
		{8E4F4D80-4A5A-4585-8F5F-BFEC0A0AD562}.Debug|Any CPU.ActiveCfg = Debug|Any CPU
		{8E4F4D80-4A5A-4585-8F5F-BFEC0A0AD562}.Debug|Any CPU.Build.0 = Debug|Any CPU
		{8E4F4D80-4A5A-4585-8F5F-BFEC0A0AD562}.Release|Any CPU.ActiveCfg = Release|Any CPU
		{8E4F4D80-4A5A-4585-8F5F-BFEC0A0AD562}.Release|Any CPU.Build.0 = Release|Any CPU
		{3509F385-96A9-46A1-8235-AD6DD68F0A10}.Debug|Any CPU.ActiveCfg = Debug|Any CPU
		{3509F385-96A9-46A1-8235-AD6DD68F0A10}.Debug|Any CPU.Build.0 = Debug|Any CPU
		{3509F385-96A9-46A1-8235-AD6DD68F0A10}.Release|Any CPU.ActiveCfg = Release|Any CPU
		{3509F385-96A9-46A1-8235-AD6DD68F0A10}.Release|Any CPU.Build.0 = Release|Any CPU
	EndGlobalSection
	GlobalSection(SolutionProperties) = preSolution
		HideSolutionNode = FALSE
	EndGlobalSection
	GlobalSection(NestedProjects) = preSolution
		{5B5E3AC3-5383-4CCB-B03E-772A0C09E8EB} = {83A52767-022B-4B6A-BE3E-D6D6CFF89B79}
		{3AC6D6FC-D735-4343-B06A-F036B23163FF} = {83A52767-022B-4B6A-BE3E-D6D6CFF89B79}
		{A58B1BFF-7573-4628-9634-E55FA41F61A4} = {83A52767-022B-4B6A-BE3E-D6D6CFF89B79}
		{49CDA7FD-CF08-436F-A806-E4D0C7F41C2B} = {83A52767-022B-4B6A-BE3E-D6D6CFF89B79}
		{58D17EFA-A852-4142-BBB4-97E6EC93E25B} = {83A52767-022B-4B6A-BE3E-D6D6CFF89B79}
		{C2BE6318-D2F8-42ED-89FF-6D81D733785B} = {83A52767-022B-4B6A-BE3E-D6D6CFF89B79}
		{47E8FE46-2026-4202-8E18-D3F23105CAC2} = {83A52767-022B-4B6A-BE3E-D6D6CFF89B79}
		{8E4F4D80-4A5A-4585-8F5F-BFEC0A0AD562} = {83A52767-022B-4B6A-BE3E-D6D6CFF89B79}
		{3509F385-96A9-46A1-8235-AD6DD68F0A10} = {83A52767-022B-4B6A-BE3E-D6D6CFF89B79}
	EndGlobalSection
	GlobalSection(ExtensibilityGlobals) = postSolution
		SolutionGuid = {39A620F8-72B1-4D11-8393-8263B92F8704}
	EndGlobalSection
EndGlobal
