
Microsoft Visual Studio Solution File, Format Version 12.00
# Visual Studio 15
VisualStudioVersion = 15.0.27004.2009
MinimumVisualStudioVersion = 10.0.40219.1
Project("{2150E333-8FDC-42A3-9474-1A3956D46DE8}") = "src", "src", "{83A52767-022B-4B6A-BE3E-D6D6CFF89B79}"
EndProject
Project("{2150E333-8FDC-42A3-9474-1A3956D46DE8}") = "test", "test", "{6D5EBCBA-FB78-425F-8D55-D13C11C9DCB7}"
EndProject
Project("{9A19103F-16F7-4668-BE54-9A1E7A4F7556}") = "ETDB.API.UserService.Bootstrap", "src\ETDB.API.UserService.Bootstrap\ETDB.API.UserService.Bootstrap.csproj", "{C2E4915D-F311-493B-98FA-0337F2198F78}"
EndProject
Project("{9A19103F-16F7-4668-BE54-9A1E7A4F7556}") = "ETDB.API.UserService.Data", "src\ETDB.API.UserService.Data\ETDB.API.UserService.Data.csproj", "{4C769F65-E090-462F-B8E2-6ADE65F6050D}"
EndProject
Project("{9A19103F-16F7-4668-BE54-9A1E7A4F7556}") = "ETDB.API.UserService.Domain", "src\ETDB.API.UserService.Domain\ETDB.API.UserService.Domain.csproj", "{55DC8ED2-ABF1-4DD6-8D10-E60B835A8997}"
EndProject
Project("{9A19103F-16F7-4668-BE54-9A1E7A4F7556}") = "ETDB.API.UserService.Scaffold", "src\ETDB.API.UserService.Scaffold\ETDB.API.UserService.Scaffold.csproj", "{E186CC3F-45F4-40B5-B143-9AFA3B4E3727}"
EndProject
Project("{9A19103F-16F7-4668-BE54-9A1E7A4F7556}") = "ETDB.API.UserService.EventStore", "src\ETDB.API.UserService.EventStore\ETDB.API.UserService.EventStore.csproj", "{73A56CB9-A5F2-4407-B289-1FA1BDF7343D}"
EndProject
Project("{9A19103F-16F7-4668-BE54-9A1E7A4F7556}") = "ETDB.API.UserService.EventSourcing", "src\ETDB.API.UserService.EventSourcing\ETDB.API.UserService.EventSourcing.csproj", "{118CCEF1-002B-46C5-97B9-976DD9E607C0}"
EndProject
Project("{9A19103F-16F7-4668-BE54-9A1E7A4F7556}") = "ETDB.API.UserService.Presentation", "src\ETDB.API.UserService.Presentation\ETDB.API.UserService.Presentation.csproj", "{DE1C0554-45C2-4C04-B0EF-156D2A6568B8}"
EndProject
Project("{9A19103F-16F7-4668-BE54-9A1E7A4F7556}") = "ETDB.API.UserService.Application", "src\ETDB.API.UserService.Application\ETDB.API.UserService.Application.csproj", "{54AFB36A-7748-4351-BC7C-8B7A012234DF}"
EndProject
Project("{9A19103F-16F7-4668-BE54-9A1E7A4F7556}") = "ETDB.API.UserService.Repositories", "src\ETDB.API.UserService.Repositories\ETDB.API.UserService.Repositories.csproj", "{480E206E-478E-4666-B3FA-8989D94D4F9D}"
EndProject
Project("{9A19103F-16F7-4668-BE54-9A1E7A4F7556}") = "ETDB.API.UserService.Controller", "src\ETDB.API.UserService.Controller\ETDB.API.UserService.Controller.csproj", "{BE0BC116-0658-4516-B0EB-DD3C9706D65D}"
EndProject
Project("{FAE04EC0-301F-11D3-BF4B-00C04F79EFBC}") = "ETDB.API.UserService.Repositories.Abstractions", "src\ETDB.API.UserService.Repositories.Abstractions\ETDB.API.UserService.Repositories.Abstractions.csproj", "{AFE591AC-69E5-4E73-993E-855B0C929D6B}"
EndProject
Global
	GlobalSection(SolutionConfigurationPlatforms) = preSolution
		Debug|Any CPU = Debug|Any CPU
		Release|Any CPU = Release|Any CPU
	EndGlobalSection
	GlobalSection(ProjectConfigurationPlatforms) = postSolution
		{C2E4915D-F311-493B-98FA-0337F2198F78}.Debug|Any CPU.ActiveCfg = Debug|Any CPU
		{C2E4915D-F311-493B-98FA-0337F2198F78}.Debug|Any CPU.Build.0 = Debug|Any CPU
		{C2E4915D-F311-493B-98FA-0337F2198F78}.Release|Any CPU.ActiveCfg = Release|Any CPU
		{C2E4915D-F311-493B-98FA-0337F2198F78}.Release|Any CPU.Build.0 = Release|Any CPU
		{4C769F65-E090-462F-B8E2-6ADE65F6050D}.Debug|Any CPU.ActiveCfg = Debug|Any CPU
		{4C769F65-E090-462F-B8E2-6ADE65F6050D}.Debug|Any CPU.Build.0 = Debug|Any CPU
		{4C769F65-E090-462F-B8E2-6ADE65F6050D}.Release|Any CPU.ActiveCfg = Release|Any CPU
		{4C769F65-E090-462F-B8E2-6ADE65F6050D}.Release|Any CPU.Build.0 = Release|Any CPU
		{55DC8ED2-ABF1-4DD6-8D10-E60B835A8997}.Debug|Any CPU.ActiveCfg = Debug|Any CPU
		{55DC8ED2-ABF1-4DD6-8D10-E60B835A8997}.Debug|Any CPU.Build.0 = Debug|Any CPU
		{55DC8ED2-ABF1-4DD6-8D10-E60B835A8997}.Release|Any CPU.ActiveCfg = Release|Any CPU
		{55DC8ED2-ABF1-4DD6-8D10-E60B835A8997}.Release|Any CPU.Build.0 = Release|Any CPU
		{E186CC3F-45F4-40B5-B143-9AFA3B4E3727}.Debug|Any CPU.ActiveCfg = Debug|Any CPU
		{E186CC3F-45F4-40B5-B143-9AFA3B4E3727}.Debug|Any CPU.Build.0 = Debug|Any CPU
		{E186CC3F-45F4-40B5-B143-9AFA3B4E3727}.Release|Any CPU.ActiveCfg = Release|Any CPU
		{E186CC3F-45F4-40B5-B143-9AFA3B4E3727}.Release|Any CPU.Build.0 = Release|Any CPU
		{73A56CB9-A5F2-4407-B289-1FA1BDF7343D}.Debug|Any CPU.ActiveCfg = Debug|Any CPU
		{73A56CB9-A5F2-4407-B289-1FA1BDF7343D}.Debug|Any CPU.Build.0 = Debug|Any CPU
		{73A56CB9-A5F2-4407-B289-1FA1BDF7343D}.Release|Any CPU.ActiveCfg = Release|Any CPU
		{73A56CB9-A5F2-4407-B289-1FA1BDF7343D}.Release|Any CPU.Build.0 = Release|Any CPU
		{118CCEF1-002B-46C5-97B9-976DD9E607C0}.Debug|Any CPU.ActiveCfg = Debug|Any CPU
		{118CCEF1-002B-46C5-97B9-976DD9E607C0}.Debug|Any CPU.Build.0 = Debug|Any CPU
		{118CCEF1-002B-46C5-97B9-976DD9E607C0}.Release|Any CPU.ActiveCfg = Release|Any CPU
		{118CCEF1-002B-46C5-97B9-976DD9E607C0}.Release|Any CPU.Build.0 = Release|Any CPU
		{DE1C0554-45C2-4C04-B0EF-156D2A6568B8}.Debug|Any CPU.ActiveCfg = Debug|Any CPU
		{DE1C0554-45C2-4C04-B0EF-156D2A6568B8}.Debug|Any CPU.Build.0 = Debug|Any CPU
		{DE1C0554-45C2-4C04-B0EF-156D2A6568B8}.Release|Any CPU.ActiveCfg = Release|Any CPU
		{DE1C0554-45C2-4C04-B0EF-156D2A6568B8}.Release|Any CPU.Build.0 = Release|Any CPU
		{54AFB36A-7748-4351-BC7C-8B7A012234DF}.Debug|Any CPU.ActiveCfg = Debug|Any CPU
		{54AFB36A-7748-4351-BC7C-8B7A012234DF}.Debug|Any CPU.Build.0 = Debug|Any CPU
		{54AFB36A-7748-4351-BC7C-8B7A012234DF}.Release|Any CPU.ActiveCfg = Release|Any CPU
		{54AFB36A-7748-4351-BC7C-8B7A012234DF}.Release|Any CPU.Build.0 = Release|Any CPU
		{480E206E-478E-4666-B3FA-8989D94D4F9D}.Debug|Any CPU.ActiveCfg = Debug|Any CPU
		{480E206E-478E-4666-B3FA-8989D94D4F9D}.Debug|Any CPU.Build.0 = Debug|Any CPU
		{480E206E-478E-4666-B3FA-8989D94D4F9D}.Release|Any CPU.ActiveCfg = Release|Any CPU
		{480E206E-478E-4666-B3FA-8989D94D4F9D}.Release|Any CPU.Build.0 = Release|Any CPU
		{BE0BC116-0658-4516-B0EB-DD3C9706D65D}.Debug|Any CPU.ActiveCfg = Debug|Any CPU
		{BE0BC116-0658-4516-B0EB-DD3C9706D65D}.Debug|Any CPU.Build.0 = Debug|Any CPU
		{BE0BC116-0658-4516-B0EB-DD3C9706D65D}.Release|Any CPU.ActiveCfg = Release|Any CPU
		{BE0BC116-0658-4516-B0EB-DD3C9706D65D}.Release|Any CPU.Build.0 = Release|Any CPU
		{AFE591AC-69E5-4E73-993E-855B0C929D6B}.Debug|Any CPU.ActiveCfg = Debug|Any CPU
		{AFE591AC-69E5-4E73-993E-855B0C929D6B}.Debug|Any CPU.Build.0 = Debug|Any CPU
		{AFE591AC-69E5-4E73-993E-855B0C929D6B}.Release|Any CPU.ActiveCfg = Release|Any CPU
		{AFE591AC-69E5-4E73-993E-855B0C929D6B}.Release|Any CPU.Build.0 = Release|Any CPU
	EndGlobalSection
	GlobalSection(SolutionProperties) = preSolution
		HideSolutionNode = FALSE
	EndGlobalSection
	GlobalSection(NestedProjects) = preSolution
		{C2E4915D-F311-493B-98FA-0337F2198F78} = {83A52767-022B-4B6A-BE3E-D6D6CFF89B79}
		{4C769F65-E090-462F-B8E2-6ADE65F6050D} = {83A52767-022B-4B6A-BE3E-D6D6CFF89B79}
		{55DC8ED2-ABF1-4DD6-8D10-E60B835A8997} = {83A52767-022B-4B6A-BE3E-D6D6CFF89B79}
		{E186CC3F-45F4-40B5-B143-9AFA3B4E3727} = {83A52767-022B-4B6A-BE3E-D6D6CFF89B79}
		{73A56CB9-A5F2-4407-B289-1FA1BDF7343D} = {83A52767-022B-4B6A-BE3E-D6D6CFF89B79}
		{118CCEF1-002B-46C5-97B9-976DD9E607C0} = {83A52767-022B-4B6A-BE3E-D6D6CFF89B79}
		{DE1C0554-45C2-4C04-B0EF-156D2A6568B8} = {83A52767-022B-4B6A-BE3E-D6D6CFF89B79}
		{54AFB36A-7748-4351-BC7C-8B7A012234DF} = {83A52767-022B-4B6A-BE3E-D6D6CFF89B79}
		{480E206E-478E-4666-B3FA-8989D94D4F9D} = {83A52767-022B-4B6A-BE3E-D6D6CFF89B79}
		{BE0BC116-0658-4516-B0EB-DD3C9706D65D} = {83A52767-022B-4B6A-BE3E-D6D6CFF89B79}
		{AFE591AC-69E5-4E73-993E-855B0C929D6B} = {83A52767-022B-4B6A-BE3E-D6D6CFF89B79}
	EndGlobalSection
	GlobalSection(ExtensibilityGlobals) = postSolution
		SolutionGuid = {39A620F8-72B1-4D11-8393-8263B92F8704}
	EndGlobalSection
EndGlobal
