
Microsoft Visual Studio Solution File, Format Version 12.00
# Visual Studio 15
VisualStudioVersion = 15.0.27130.2010
MinimumVisualStudioVersion = 10.0.40219.1
Project("{2150E333-8FDC-42A3-9474-1A3956D46DE8}") = "src", "src", "{83A52767-022B-4B6A-BE3E-D6D6CFF89B79}"
EndProject
Project("{2150E333-8FDC-42A3-9474-1A3956D46DE8}") = "test", "test", "{6D5EBCBA-FB78-425F-8D55-D13C11C9DCB7}"
EndProject
Project("{9A19103F-16F7-4668-BE54-9A1E7A4F7556}") = "Etdb.UserService.Bootstrap", "src\Etdb.UserService.Bootstrap\Etdb.UserService.Bootstrap.csproj", "{C2E4915D-F311-493B-98FA-0337F2198F78}"
EndProject
Project("{9A19103F-16F7-4668-BE54-9A1E7A4F7556}") = "Etdb.UserService.Application", "src\Etdb.UserService.Application\Etdb.UserService.Application.csproj", "{54AFB36A-7748-4351-BC7C-8B7A012234DF}"
EndProject
Project("{2150E333-8FDC-42A3-9474-1A3956D46DE8}") = "misc", "misc", "{EEC64864-F550-44BE-9D0D-CCCA983F39B7}"
ProjectSection(SolutionItems) = preProject
	.gitignore = .gitignore
EndProjectSection
EndProject
Project("{FAE04EC0-301F-11D3-BF4B-00C04F79EFBC}") = "Etdb.UserService.AutoMapper", "src\Etdb.UserService.AutoMapper\Etdb.UserService.AutoMapper.csproj", "{404C19B7-D968-49A4-B89F-201407BE2892}"
EndProject
Project("{FAE04EC0-301F-11D3-BF4B-00C04F79EFBC}") = "Etdb.UserService.Presentation", "src\Etdb.UserService.Presentation\Etdb.UserService.Presentation.csproj", "{3680B28D-A9D3-4249-99B0-55CAFFCE8447}"
EndProject
Project("{FAE04EC0-301F-11D3-BF4B-00C04F79EFBC}") = "Etdb.UserService.Domain", "src\Etdb.UserService.Domain\Etdb.UserService.Domain.csproj", "{BB67A8BA-5FAC-43A1-9D9A-8B05E1CDB8B5}"
EndProject
Project("{FAE04EC0-301F-11D3-BF4B-00C04F79EFBC}") = "Etdb.UserService.Repositories.Abstractions", "src\Etdb.UserService.Repositories.Abstractions\Etdb.UserService.Repositories.Abstractions.csproj", "{43166634-0186-478B-9E81-96B6E175D502}"
EndProject
Project("{FAE04EC0-301F-11D3-BF4B-00C04F79EFBC}") = "Etdb.UserService.Repositories", "src\Etdb.UserService.Repositories\Etdb.UserService.Repositories.csproj", "{ABDE8D8F-6C29-49B2-A1D8-A56478E93D3F}"
EndProject
Project("{FAE04EC0-301F-11D3-BF4B-00C04F79EFBC}") = "Etdb.UserService.Controllers", "src\Etdb.UserService.Controllers\Etdb.UserService.Controllers.csproj", "{D99A563B-B144-46AF-A660-46A84EA7F2BD}"
EndProject
Project("{FAE04EC0-301F-11D3-BF4B-00C04F79EFBC}") = "Etdb.UserService.Cqrs.Abstractions", "src\Etdb.UserService.Cqrs.Abstractions\Etdb.UserService.Cqrs.Abstractions.csproj", "{7334848E-C555-430E-9A53-F749D594D86B}"
EndProject
Project("{FAE04EC0-301F-11D3-BF4B-00C04F79EFBC}") = "Etdb.UserService.Cqrs", "src\Etdb.UserService.Cqrs\Etdb.UserService.Cqrs.csproj", "{EB3B5AEB-3D8B-4E15-BEC4-99DC46954959}"
EndProject
Global
	GlobalSection(SolutionConfigurationPlatforms) = preSolution
		Debug|Any CPU = Debug|Any CPU
		Release|Any CPU = Release|Any CPU
	EndGlobalSection
	GlobalSection(ProjectConfigurationPlatforms) = postSolution
		{C2E4915D-F311-493B-98FA-0337F2198F78}.Debug|Any CPU.ActiveCfg = Debug|Any CPU
		{C2E4915D-F311-493B-98FA-0337F2198F78}.Debug|Any CPU.Build.0 = Debug|Any CPU
		{C2E4915D-F311-493B-98FA-0337F2198F78}.Release|Any CPU.ActiveCfg = Release|Any CPU
		{C2E4915D-F311-493B-98FA-0337F2198F78}.Release|Any CPU.Build.0 = Release|Any CPU
		{54AFB36A-7748-4351-BC7C-8B7A012234DF}.Debug|Any CPU.ActiveCfg = Debug|Any CPU
		{54AFB36A-7748-4351-BC7C-8B7A012234DF}.Debug|Any CPU.Build.0 = Debug|Any CPU
		{54AFB36A-7748-4351-BC7C-8B7A012234DF}.Release|Any CPU.ActiveCfg = Release|Any CPU
		{54AFB36A-7748-4351-BC7C-8B7A012234DF}.Release|Any CPU.Build.0 = Release|Any CPU
		{404C19B7-D968-49A4-B89F-201407BE2892}.Debug|Any CPU.ActiveCfg = Debug|Any CPU
		{404C19B7-D968-49A4-B89F-201407BE2892}.Debug|Any CPU.Build.0 = Debug|Any CPU
		{404C19B7-D968-49A4-B89F-201407BE2892}.Release|Any CPU.ActiveCfg = Release|Any CPU
		{404C19B7-D968-49A4-B89F-201407BE2892}.Release|Any CPU.Build.0 = Release|Any CPU
		{3680B28D-A9D3-4249-99B0-55CAFFCE8447}.Debug|Any CPU.ActiveCfg = Debug|Any CPU
		{3680B28D-A9D3-4249-99B0-55CAFFCE8447}.Debug|Any CPU.Build.0 = Debug|Any CPU
		{3680B28D-A9D3-4249-99B0-55CAFFCE8447}.Release|Any CPU.ActiveCfg = Release|Any CPU
		{3680B28D-A9D3-4249-99B0-55CAFFCE8447}.Release|Any CPU.Build.0 = Release|Any CPU
		{BB67A8BA-5FAC-43A1-9D9A-8B05E1CDB8B5}.Debug|Any CPU.ActiveCfg = Debug|Any CPU
		{BB67A8BA-5FAC-43A1-9D9A-8B05E1CDB8B5}.Debug|Any CPU.Build.0 = Debug|Any CPU
		{BB67A8BA-5FAC-43A1-9D9A-8B05E1CDB8B5}.Release|Any CPU.ActiveCfg = Release|Any CPU
		{BB67A8BA-5FAC-43A1-9D9A-8B05E1CDB8B5}.Release|Any CPU.Build.0 = Release|Any CPU
		{43166634-0186-478B-9E81-96B6E175D502}.Debug|Any CPU.ActiveCfg = Debug|Any CPU
		{43166634-0186-478B-9E81-96B6E175D502}.Debug|Any CPU.Build.0 = Debug|Any CPU
		{43166634-0186-478B-9E81-96B6E175D502}.Release|Any CPU.ActiveCfg = Release|Any CPU
		{43166634-0186-478B-9E81-96B6E175D502}.Release|Any CPU.Build.0 = Release|Any CPU
		{ABDE8D8F-6C29-49B2-A1D8-A56478E93D3F}.Debug|Any CPU.ActiveCfg = Debug|Any CPU
		{ABDE8D8F-6C29-49B2-A1D8-A56478E93D3F}.Debug|Any CPU.Build.0 = Debug|Any CPU
		{ABDE8D8F-6C29-49B2-A1D8-A56478E93D3F}.Release|Any CPU.ActiveCfg = Release|Any CPU
		{ABDE8D8F-6C29-49B2-A1D8-A56478E93D3F}.Release|Any CPU.Build.0 = Release|Any CPU
		{D99A563B-B144-46AF-A660-46A84EA7F2BD}.Debug|Any CPU.ActiveCfg = Debug|Any CPU
		{D99A563B-B144-46AF-A660-46A84EA7F2BD}.Debug|Any CPU.Build.0 = Debug|Any CPU
		{D99A563B-B144-46AF-A660-46A84EA7F2BD}.Release|Any CPU.ActiveCfg = Release|Any CPU
		{D99A563B-B144-46AF-A660-46A84EA7F2BD}.Release|Any CPU.Build.0 = Release|Any CPU
		{7334848E-C555-430E-9A53-F749D594D86B}.Debug|Any CPU.ActiveCfg = Debug|Any CPU
		{7334848E-C555-430E-9A53-F749D594D86B}.Debug|Any CPU.Build.0 = Debug|Any CPU
		{7334848E-C555-430E-9A53-F749D594D86B}.Release|Any CPU.ActiveCfg = Release|Any CPU
		{7334848E-C555-430E-9A53-F749D594D86B}.Release|Any CPU.Build.0 = Release|Any CPU
		{EB3B5AEB-3D8B-4E15-BEC4-99DC46954959}.Debug|Any CPU.ActiveCfg = Debug|Any CPU
		{EB3B5AEB-3D8B-4E15-BEC4-99DC46954959}.Debug|Any CPU.Build.0 = Debug|Any CPU
		{EB3B5AEB-3D8B-4E15-BEC4-99DC46954959}.Release|Any CPU.ActiveCfg = Release|Any CPU
		{EB3B5AEB-3D8B-4E15-BEC4-99DC46954959}.Release|Any CPU.Build.0 = Release|Any CPU
	EndGlobalSection
	GlobalSection(SolutionProperties) = preSolution
		HideSolutionNode = FALSE
	EndGlobalSection
	GlobalSection(NestedProjects) = preSolution
		{C2E4915D-F311-493B-98FA-0337F2198F78} = {83A52767-022B-4B6A-BE3E-D6D6CFF89B79}
		{54AFB36A-7748-4351-BC7C-8B7A012234DF} = {83A52767-022B-4B6A-BE3E-D6D6CFF89B79}
		{404C19B7-D968-49A4-B89F-201407BE2892} = {83A52767-022B-4B6A-BE3E-D6D6CFF89B79}
		{3680B28D-A9D3-4249-99B0-55CAFFCE8447} = {83A52767-022B-4B6A-BE3E-D6D6CFF89B79}
		{BB67A8BA-5FAC-43A1-9D9A-8B05E1CDB8B5} = {83A52767-022B-4B6A-BE3E-D6D6CFF89B79}
		{43166634-0186-478B-9E81-96B6E175D502} = {83A52767-022B-4B6A-BE3E-D6D6CFF89B79}
		{ABDE8D8F-6C29-49B2-A1D8-A56478E93D3F} = {83A52767-022B-4B6A-BE3E-D6D6CFF89B79}
		{D99A563B-B144-46AF-A660-46A84EA7F2BD} = {83A52767-022B-4B6A-BE3E-D6D6CFF89B79}
		{7334848E-C555-430E-9A53-F749D594D86B} = {83A52767-022B-4B6A-BE3E-D6D6CFF89B79}
		{EB3B5AEB-3D8B-4E15-BEC4-99DC46954959} = {83A52767-022B-4B6A-BE3E-D6D6CFF89B79}
	EndGlobalSection
	GlobalSection(ExtensibilityGlobals) = postSolution
		SolutionGuid = {39A620F8-72B1-4D11-8393-8263B92F8704}
	EndGlobalSection
EndGlobal
